{
  "object": {
    "pins": [
      {
        "package": "ContextKit",
        "repositoryURL": "https://github.com/nerdsupremacist/ContextKit.git",
        "state": {
          "branch": null,
          "revision": "d68c64dd4ed4c616bb5fd58f9d19d939a1735f20",
          "version": "0.2.1"
        }
      },
      {
        "package": "CRuntime",
        "repositoryURL": "https://github.com/nerdsupremacist/CRuntime.git",
        "state": {
          "branch": null,
          "revision": "95f911318d8c885f6fc05e971471f94adfd39405",
          "version": "2.1.2"
        }
      },
      {
        "package": "CwlDemangle",
        "repositoryURL": "https://github.com/nerdsupremacist/CwlDemangle.git",
        "state": {
          "branch": null,
          "revision": "ca1ffdc206f76dc5f217f27ea2a0bbd2241a4a92",
          "version": "0.1.1-beta.1"
        }
      },
      {
        "package": "GraphQL",
        "repositoryURL": "https://github.com/nerdsupremacist/GraphQL.git",
        "state": {
          "branch": null,
          "revision": "253b6efa4fdac99a0feef631023232729864a7c1",
          "version": "0.12.1-beta.6"
        }
      },
      {
        "package": "Runtime",
        "repositoryURL": "https://github.com/nerdsupremacist/Runtime.git",
        "state": {
          "branch": null,
          "revision": "32cc77be43c34d95d3fe3d21035b21472e03542a",
          "version": "2.1.2-beta.13"
        }
      },
      {
        "package": "swift-nio",
        "repositoryURL": "https://github.com/apple/swift-nio.git",
        "state": {
          "branch": null,
          "revision": "cf6f2b1807219643270616e03de697b96c46384c",
          "version": "2.21.0"
        }
      }
    ]
  },
  "version": 1
}
