{
  "object": {
    "pins": [
      {
        "package": "ContextKit",
        "repositoryURL": "https://github.com/nerdsupremacist/ContextKit.git",
        "state": {
          "branch": null,
          "revision": "d68c64dd4ed4c616bb5fd58f9d19d939a1735f20",
          "version": "0.2.1"
        }
      },
      {
        "package": "CRuntime",
        "repositoryURL": "https://github.com/nerdsupremacist/CRuntime.git",
        "state": {
          "branch": null,
          "revision": "95f911318d8c885f6fc05e971471f94adfd39405",
          "version": "2.1.2"
        }
      },
      {
        "package": "CwlDemangle",
        "repositoryURL": "https://github.com/mattgallagher/CwlDemangle.git",
        "state": {
          "branch": null,
          "revision": "b268c08207d2990664605c49b2c71cbd0df3445b",
          "version": "0.1.0"
        }
      },
      {
        "package": "GraphQL",
        "repositoryURL": "https://github.com/nerdsupremacist/GraphQL.git",
        "state": {
          "branch": null,
          "revision": "2bbd17e9c0c8319d0539c6f5b377b1348c8327b2",
          "version": "0.12.1-beta.4"
        }
      },
      {
        "package": "Runtime",
        "repositoryURL": "https://github.com/nerdsupremacist/Runtime.git",
        "state": {
          "branch": "master",
          "revision": "1171b44a800289e896a19ef46e9c0475047daf67",
          "version": null
        }
      },
      {
        "package": "swift-nio",
        "repositoryURL": "https://github.com/apple/swift-nio.git",
        "state": {
          "branch": null,
          "revision": "e876fb37410e0036b98b5361bb18e6854739572b",
          "version": "2.16.0"
        }
      }
    ]
  },
  "version": 1
}
